// !$*UTF8*$!
{
	archiveVersion = 1;
	classes = {
	};
	objectVersion = 55;
	objects = {

/* Begin PBXBuildFile section */
		BEA1B9C128C9F7FF001963B1 /* AppDelegate.swift in Sources */ = {isa = PBXBuildFile; fileRef = BEA1B9C028C9F7FF001963B1 /* AppDelegate.swift */; };
		BEA1B9C328C9F7FF001963B1 /* SceneDelegate.swift in Sources */ = {isa = PBXBuildFile; fileRef = BEA1B9C228C9F7FF001963B1 /* SceneDelegate.swift */; };
		BEA1B9C528C9F7FF001963B1 /* ImageViewController.swift in Sources */ = {isa = PBXBuildFile; fileRef = BEA1B9C428C9F7FF001963B1 /* ImageViewController.swift */; };
		BEA1B9C828C9F7FF001963B1 /* Main.storyboard in Resources */ = {isa = PBXBuildFile; fileRef = BEA1B9C628C9F7FF001963B1 /* Main.storyboard */; };
		BEA1B9CA28C9F800001963B1 /* Assets.xcassets in Resources */ = {isa = PBXBuildFile; fileRef = BEA1B9C928C9F800001963B1 /* Assets.xcassets */; };
		BEA1B9CD28C9F800001963B1 /* LaunchScreen.storyboard in Resources */ = {isa = PBXBuildFile; fileRef = BEA1B9CB28C9F800001963B1 /* LaunchScreen.storyboard */; };
		BEA1B9D728CF5C40001963B1 /* CoursesViewController.swift in Sources */ = {isa = PBXBuildFile; fileRef = BEA1B9D628CF5C40001963B1 /* CoursesViewController.swift */; };
		BEA1B9D928CF5DBA001963B1 /* CoursesModel.swift in Sources */ = {isa = PBXBuildFile; fileRef = BEA1B9D828CF5DBA001963B1 /* CoursesModel.swift */; };
		BEA1B9DB28D0720F001963B1 /* CoursesCell.swift in Sources */ = {isa = PBXBuildFile; fileRef = BEA1B9DA28D0720F001963B1 /* CoursesCell.swift */; };
		BEA1B9DD28D1F123001963B1 /* DetailViewController.swift in Sources */ = {isa = PBXBuildFile; fileRef = BEA1B9DC28D1F123001963B1 /* DetailViewController.swift */; };
		BEA1B9DF28D20136001963B1 /* MainViewController.swift in Sources */ = {isa = PBXBuildFile; fileRef = BEA1B9DE28D20136001963B1 /* MainViewController.swift */; };
		BEA1B9E128D20149001963B1 /* CollectionViewCell.swift in Sources */ = {isa = PBXBuildFile; fileRef = BEA1B9E028D20149001963B1 /* CollectionViewCell.swift */; };
		BEBB870E28D88A4900340526 /* NetworkManager.swift in Sources */ = {isa = PBXBuildFile; fileRef = BEBB870D28D88A4900340526 /* NetworkManager.swift */; };
/* End PBXBuildFile section */

/* Begin PBXFileReference section */
		BEA1B9BD28C9F7FF001963B1 /* Networking.app */ = {isa = PBXFileReference; explicitFileType = wrapper.application; includeInIndex = 0; path = Networking.app; sourceTree = BUILT_PRODUCTS_DIR; };
		BEA1B9C028C9F7FF001963B1 /* AppDelegate.swift */ = {isa = PBXFileReference; lastKnownFileType = sourcecode.swift; path = AppDelegate.swift; sourceTree = "<group>"; };
		BEA1B9C228C9F7FF001963B1 /* SceneDelegate.swift */ = {isa = PBXFileReference; lastKnownFileType = sourcecode.swift; path = SceneDelegate.swift; sourceTree = "<group>"; };
		BEA1B9C428C9F7FF001963B1 /* ImageViewController.swift */ = {isa = PBXFileReference; lastKnownFileType = sourcecode.swift; path = ImageViewController.swift; sourceTree = "<group>"; };
		BEA1B9C728C9F7FF001963B1 /* Base */ = {isa = PBXFileReference; lastKnownFileType = file.storyboard; name = Base; path = Base.lproj/Main.storyboard; sourceTree = "<group>"; };
		BEA1B9C928C9F800001963B1 /* Assets.xcassets */ = {isa = PBXFileReference; lastKnownFileType = folder.assetcatalog; path = Assets.xcassets; sourceTree = "<group>"; };
		BEA1B9CC28C9F800001963B1 /* Base */ = {isa = PBXFileReference; lastKnownFileType = file.storyboard; name = Base; path = Base.lproj/LaunchScreen.storyboard; sourceTree = "<group>"; };
		BEA1B9CE28C9F800001963B1 /* Info.plist */ = {isa = PBXFileReference; lastKnownFileType = text.plist.xml; path = Info.plist; sourceTree = "<group>"; };
		BEA1B9D628CF5C40001963B1 /* CoursesViewController.swift */ = {isa = PBXFileReference; lastKnownFileType = sourcecode.swift; path = CoursesViewController.swift; sourceTree = "<group>"; };
		BEA1B9D828CF5DBA001963B1 /* CoursesModel.swift */ = {isa = PBXFileReference; lastKnownFileType = sourcecode.swift; path = CoursesModel.swift; sourceTree = "<group>"; };
		BEA1B9DA28D0720F001963B1 /* CoursesCell.swift */ = {isa = PBXFileReference; lastKnownFileType = sourcecode.swift; path = CoursesCell.swift; sourceTree = "<group>"; };
		BEA1B9DC28D1F123001963B1 /* DetailViewController.swift */ = {isa = PBXFileReference; lastKnownFileType = sourcecode.swift; path = DetailViewController.swift; sourceTree = "<group>"; };
		BEA1B9DE28D20136001963B1 /* MainViewController.swift */ = {isa = PBXFileReference; lastKnownFileType = sourcecode.swift; path = MainViewController.swift; sourceTree = "<group>"; };
		BEA1B9E028D20149001963B1 /* CollectionViewCell.swift */ = {isa = PBXFileReference; lastKnownFileType = sourcecode.swift; path = CollectionViewCell.swift; sourceTree = "<group>"; };
		BEBB870D28D88A4900340526 /* NetworkManager.swift */ = {isa = PBXFileReference; lastKnownFileType = sourcecode.swift; path = NetworkManager.swift; sourceTree = "<group>"; };
/* End PBXFileReference section */

/* Begin PBXFrameworksBuildPhase section */
		BEA1B9BA28C9F7FF001963B1 /* Frameworks */ = {
			isa = PBXFrameworksBuildPhase;
			buildActionMask = 2147483647;
			files = (
			);
			runOnlyForDeploymentPostprocessing = 0;
		};
/* End PBXFrameworksBuildPhase section */

/* Begin PBXGroup section */
		BEA1B9B428C9F7FF001963B1 = {
			isa = PBXGroup;
			children = (
				BEA1B9BF28C9F7FF001963B1 /* Networking */,
				BEA1B9BE28C9F7FF001963B1 /* Products */,
			);
			sourceTree = "<group>";
		};
		BEA1B9BE28C9F7FF001963B1 /* Products */ = {
			isa = PBXGroup;
			children = (
				BEA1B9BD28C9F7FF001963B1 /* Networking.app */,
			);
			name = Products;
			sourceTree = "<group>";
		};
		BEA1B9BF28C9F7FF001963B1 /* Networking */ = {
			isa = PBXGroup;
			children = (
				BEA1B9C028C9F7FF001963B1 /* AppDelegate.swift */,
				BEA1B9C228C9F7FF001963B1 /* SceneDelegate.swift */,
				BEA1B9C628C9F7FF001963B1 /* Main.storyboard */,
				BEBB870928D8879200340526 /* ViewControllers */,
				BEBB870A28D887B100340526 /* Cells */,
				BEBB870B28D887E200340526 /* Model */,
				BEBB870C28D88A2F00340526 /* Network */,
				BEA1B9C928C9F800001963B1 /* Assets.xcassets */,
				BEA1B9CB28C9F800001963B1 /* LaunchScreen.storyboard */,
				BEA1B9CE28C9F800001963B1 /* Info.plist */,
			);
			path = Networking;
			sourceTree = "<group>";
		};
		BEBB870928D8879200340526 /* ViewControllers */ = {
			isa = PBXGroup;
			children = (
				BEA1B9DE28D20136001963B1 /* MainViewController.swift */,
				BEA1B9C428C9F7FF001963B1 /* ImageViewController.swift */,
				BEA1B9D628CF5C40001963B1 /* CoursesViewController.swift */,
				BEA1B9DC28D1F123001963B1 /* DetailViewController.swift */,
			);
			path = ViewControllers;
			sourceTree = "<group>";
		};
		BEBB870A28D887B100340526 /* Cells */ = {
			isa = PBXGroup;
			children = (
				BEA1B9E028D20149001963B1 /* CollectionViewCell.swift */,
				BEA1B9DA28D0720F001963B1 /* CoursesCell.swift */,
			);
			path = Cells;
			sourceTree = "<group>";
		};
		BEBB870B28D887E200340526 /* Model */ = {
			isa = PBXGroup;
			children = (
				BEA1B9D828CF5DBA001963B1 /* CoursesModel.swift */,
			);
			path = Model;
			sourceTree = "<group>";
		};
		BEBB870C28D88A2F00340526 /* Network */ = {
			isa = PBXGroup;
			children = (
				BEBB870D28D88A4900340526 /* NetworkManager.swift */,
			);
			path = Network;
			sourceTree = "<group>";
		};
/* End PBXGroup section */

/* Begin PBXNativeTarget section */
		BEA1B9BC28C9F7FF001963B1 /* Networking */ = {
			isa = PBXNativeTarget;
			buildConfigurationList = BEA1B9D128C9F800001963B1 /* Build configuration list for PBXNativeTarget "Networking" */;
			buildPhases = (
				BEA1B9B928C9F7FF001963B1 /* Sources */,
				BEA1B9BA28C9F7FF001963B1 /* Frameworks */,
				BEA1B9BB28C9F7FF001963B1 /* Resources */,
			);
			buildRules = (
			);
			dependencies = (
			);
			name = Networking;
			productName = Networking;
			productReference = BEA1B9BD28C9F7FF001963B1 /* Networking.app */;
			productType = "com.apple.product-type.application";
		};
/* End PBXNativeTarget section */

/* Begin PBXProject section */
		BEA1B9B528C9F7FF001963B1 /* Project object */ = {
			isa = PBXProject;
			attributes = {
				BuildIndependentTargetsInParallel = 1;
				LastSwiftUpdateCheck = 1340;
				LastUpgradeCheck = 1340;
				TargetAttributes = {
					BEA1B9BC28C9F7FF001963B1 = {
						CreatedOnToolsVersion = 13.4.1;
					};
				};
			};
			buildConfigurationList = BEA1B9B828C9F7FF001963B1 /* Build configuration list for PBXProject "Networking" */;
			compatibilityVersion = "Xcode 13.0";
			developmentRegion = en;
			hasScannedForEncodings = 0;
			knownRegions = (
				en,
				Base,
			);
			mainGroup = BEA1B9B428C9F7FF001963B1;
			productRefGroup = BEA1B9BE28C9F7FF001963B1 /* Products */;
			projectDirPath = "";
			projectRoot = "";
			targets = (
				BEA1B9BC28C9F7FF001963B1 /* Networking */,
			);
		};
/* End PBXProject section */

/* Begin PBXResourcesBuildPhase section */
		BEA1B9BB28C9F7FF001963B1 /* Resources */ = {
			isa = PBXResourcesBuildPhase;
			buildActionMask = 2147483647;
			files = (
				BEA1B9CD28C9F800001963B1 /* LaunchScreen.storyboard in Resources */,
				BEA1B9CA28C9F800001963B1 /* Assets.xcassets in Resources */,
				BEA1B9C828C9F7FF001963B1 /* Main.storyboard in Resources */,
			);
			runOnlyForDeploymentPostprocessing = 0;
		};
/* End PBXResourcesBuildPhase section */

/* Begin PBXSourcesBuildPhase section */
		BEA1B9B928C9F7FF001963B1 /* Sources */ = {
			isa = PBXSourcesBuildPhase;
			buildActionMask = 2147483647;
			files = (
				BEA1B9E128D20149001963B1 /* CollectionViewCell.swift in Sources */,
				BEA1B9C528C9F7FF001963B1 /* ImageViewController.swift in Sources */,
				BEA1B9C128C9F7FF001963B1 /* AppDelegate.swift in Sources */,
				BEBB870E28D88A4900340526 /* NetworkManager.swift in Sources */,
				BEA1B9C328C9F7FF001963B1 /* SceneDelegate.swift in Sources */,
				BEA1B9DB28D0720F001963B1 /* CoursesCell.swift in Sources */,
				BEA1B9D928CF5DBA001963B1 /* CoursesModel.swift in Sources */,
				BEA1B9DF28D20136001963B1 /* MainViewController.swift in Sources */,
				BEA1B9D728CF5C40001963B1 /* CoursesViewController.swift in Sources */,
				BEA1B9DD28D1F123001963B1 /* DetailViewController.swift in Sources */,
			);
			runOnlyForDeploymentPostprocessing = 0;
		};
/* End PBXSourcesBuildPhase section */

/* Begin PBXVariantGroup section */
		BEA1B9C628C9F7FF001963B1 /* Main.storyboard */ = {
			isa = PBXVariantGroup;
			children = (
				BEA1B9C728C9F7FF001963B1 /* Base */,
			);
			name = Main.storyboard;
			sourceTree = "<group>";
		};
		BEA1B9CB28C9F800001963B1 /* LaunchScreen.storyboard */ = {
			isa = PBXVariantGroup;
			children = (
				BEA1B9CC28C9F800001963B1 /* Base */,
			);
			name = LaunchScreen.storyboard;
			sourceTree = "<group>";
		};
/* End PBXVariantGroup section */

/* Begin XCBuildConfiguration section */
		BEA1B9CF28C9F800001963B1 /* Debug */ = {
			isa = XCBuildConfiguration;
			buildSettings = {
				ALWAYS_SEARCH_USER_PATHS = NO;
				CLANG_ANALYZER_NONNULL = YES;
				CLANG_ANALYZER_NUMBER_OBJECT_CONVERSION = YES_AGGRESSIVE;
				CLANG_CXX_LANGUAGE_STANDARD = "gnu++17";
				CLANG_ENABLE_MODULES = YES;
				CLANG_ENABLE_OBJC_ARC = YES;
				CLANG_ENABLE_OBJC_WEAK = YES;
				CLANG_WARN_BLOCK_CAPTURE_AUTORELEASING = YES;
				CLANG_WARN_BOOL_CONVERSION = YES;
				CLANG_WARN_COMMA = YES;
				CLANG_WARN_CONSTANT_CONVERSION = YES;
				CLANG_WARN_DEPRECATED_OBJC_IMPLEMENTATIONS = YES;
				CLANG_WARN_DIRECT_OBJC_ISA_USAGE = YES_ERROR;
				CLANG_WARN_DOCUMENTATION_COMMENTS = YES;
				CLANG_WARN_EMPTY_BODY = YES;
				CLANG_WARN_ENUM_CONVERSION = YES;
				CLANG_WARN_INFINITE_RECURSION = YES;
				CLANG_WARN_INT_CONVERSION = YES;
				CLANG_WARN_NON_LITERAL_NULL_CONVERSION = YES;
				CLANG_WARN_OBJC_IMPLICIT_RETAIN_SELF = YES;
				CLANG_WARN_OBJC_LITERAL_CONVERSION = YES;
				CLANG_WARN_OBJC_ROOT_CLASS = YES_ERROR;
				CLANG_WARN_QUOTED_INCLUDE_IN_FRAMEWORK_HEADER = YES;
				CLANG_WARN_RANGE_LOOP_ANALYSIS = YES;
				CLANG_WARN_STRICT_PROTOTYPES = YES;
				CLANG_WARN_SUSPICIOUS_MOVE = YES;
				CLANG_WARN_UNGUARDED_AVAILABILITY = YES_AGGRESSIVE;
				CLANG_WARN_UNREACHABLE_CODE = YES;
				CLANG_WARN__DUPLICATE_METHOD_MATCH = YES;
				COPY_PHASE_STRIP = NO;
				DEBUG_INFORMATION_FORMAT = dwarf;
				ENABLE_STRICT_OBJC_MSGSEND = YES;
				ENABLE_TESTABILITY = YES;
				GCC_C_LANGUAGE_STANDARD = gnu11;
				GCC_DYNAMIC_NO_PIC = NO;
				GCC_NO_COMMON_BLOCKS = YES;
				GCC_OPTIMIZATION_LEVEL = 0;
				GCC_PREPROCESSOR_DEFINITIONS = (
					"DEBUG=1",
					"$(inherited)",
				);
				GCC_WARN_64_TO_32_BIT_CONVERSION = YES;
				GCC_WARN_ABOUT_RETURN_TYPE = YES_ERROR;
				GCC_WARN_UNDECLARED_SELECTOR = YES;
				GCC_WARN_UNINITIALIZED_AUTOS = YES_AGGRESSIVE;
				GCC_WARN_UNUSED_FUNCTION = YES;
				GCC_WARN_UNUSED_VARIABLE = YES;
				IPHONEOS_DEPLOYMENT_TARGET = 15.5;
				MTL_ENABLE_DEBUG_INFO = INCLUDE_SOURCE;
				MTL_FAST_MATH = YES;
				ONLY_ACTIVE_ARCH = YES;
				SDKROOT = iphoneos;
				SWIFT_ACTIVE_COMPILATION_CONDITIONS = DEBUG;
				SWIFT_OPTIMIZATION_LEVEL = "-Onone";
			};
			name = Debug;
		};
		BEA1B9D028C9F800001963B1 /* Release */ = {
			isa = XCBuildConfiguration;
			buildSettings = {
				ALWAYS_SEARCH_USER_PATHS = NO;
				CLANG_ANALYZER_NONNULL = YES;
				CLANG_ANALYZER_NUMBER_OBJECT_CONVERSION = YES_AGGRESSIVE;
				CLANG_CXX_LANGUAGE_STANDARD = "gnu++17";
				CLANG_ENABLE_MODULES = YES;
				CLANG_ENABLE_OBJC_ARC = YES;
				CLANG_ENABLE_OBJC_WEAK = YES;
				CLANG_WARN_BLOCK_CAPTURE_AUTORELEASING = YES;
				CLANG_WARN_BOOL_CONVERSION = YES;
				CLANG_WARN_COMMA = YES;
				CLANG_WARN_CONSTANT_CONVERSION = YES;
				CLANG_WARN_DEPRECATED_OBJC_IMPLEMENTATIONS = YES;
				CLANG_WARN_DIRECT_OBJC_ISA_USAGE = YES_ERROR;
				CLANG_WARN_DOCUMENTATION_COMMENTS = YES;
				CLANG_WARN_EMPTY_BODY = YES;
				CLANG_WARN_ENUM_CONVERSION = YES;
				CLANG_WARN_INFINITE_RECURSION = YES;
				CLANG_WARN_INT_CONVERSION = YES;
				CLANG_WARN_NON_LITERAL_NULL_CONVERSION = YES;
				CLANG_WARN_OBJC_IMPLICIT_RETAIN_SELF = YES;
				CLANG_WARN_OBJC_LITERAL_CONVERSION = YES;
				CLANG_WARN_OBJC_ROOT_CLASS = YES_ERROR;
				CLANG_WARN_QUOTED_INCLUDE_IN_FRAMEWORK_HEADER = YES;
				CLANG_WARN_RANGE_LOOP_ANALYSIS = YES;
				CLANG_WARN_STRICT_PROTOTYPES = YES;
				CLANG_WARN_SUSPICIOUS_MOVE = YES;
				CLANG_WARN_UNGUARDED_AVAILABILITY = YES_AGGRESSIVE;
				CLANG_WARN_UNREACHABLE_CODE = YES;
				CLANG_WARN__DUPLICATE_METHOD_MATCH = YES;
				COPY_PHASE_STRIP = NO;
				DEBUG_INFORMATION_FORMAT = "dwarf-with-dsym";
				ENABLE_NS_ASSERTIONS = NO;
				ENABLE_STRICT_OBJC_MSGSEND = YES;
				GCC_C_LANGUAGE_STANDARD = gnu11;
				GCC_NO_COMMON_BLOCKS = YES;
				GCC_WARN_64_TO_32_BIT_CONVERSION = YES;
				GCC_WARN_ABOUT_RETURN_TYPE = YES_ERROR;
				GCC_WARN_UNDECLARED_SELECTOR = YES;
				GCC_WARN_UNINITIALIZED_AUTOS = YES_AGGRESSIVE;
				GCC_WARN_UNUSED_FUNCTION = YES;
				GCC_WARN_UNUSED_VARIABLE = YES;
				IPHONEOS_DEPLOYMENT_TARGET = 15.5;
				MTL_ENABLE_DEBUG_INFO = NO;
				MTL_FAST_MATH = YES;
				SDKROOT = iphoneos;
				SWIFT_COMPILATION_MODE = wholemodule;
				SWIFT_OPTIMIZATION_LEVEL = "-O";
				VALIDATE_PRODUCT = YES;
			};
			name = Release;
		};
		BEA1B9D228C9F800001963B1 /* Debug */ = {
			isa = XCBuildConfiguration;
			buildSettings = {
				ASSETCATALOG_COMPILER_APPICON_NAME = AppIcon;
				ASSETCATALOG_COMPILER_GLOBAL_ACCENT_COLOR_NAME = AccentColor;
				CODE_SIGN_STYLE = Automatic;
				CURRENT_PROJECT_VERSION = 1;
				DEVELOPMENT_TEAM = 3YZWNV863X;
				GENERATE_INFOPLIST_FILE = YES;
				INFOPLIST_FILE = Networking/Info.plist;
				INFOPLIST_KEY_UIApplicationSupportsIndirectInputEvents = YES;
				INFOPLIST_KEY_UILaunchStoryboardName = LaunchScreen;
				INFOPLIST_KEY_UIMainStoryboardFile = Main;
				INFOPLIST_KEY_UISupportedInterfaceOrientations_iPad = "UIInterfaceOrientationPortrait UIInterfaceOrientationPortraitUpsideDown UIInterfaceOrientationLandscapeLeft UIInterfaceOrientationLandscapeRight";
				INFOPLIST_KEY_UISupportedInterfaceOrientations_iPhone = "UIInterfaceOrientationPortrait UIInterfaceOrientationLandscapeLeft UIInterfaceOrientationLandscapeRight";
				LD_RUNPATH_SEARCH_PATHS = (
					"$(inherited)",
					"@executable_path/Frameworks",
				);
				MARKETING_VERSION = 1.0;
				PRODUCT_BUNDLE_IDENTIFIER = pavelAfanasiev.Networking;
				PRODUCT_NAME = "$(TARGET_NAME)";
				SWIFT_EMIT_LOC_STRINGS = YES;
				SWIFT_VERSION = 5.0;
				TARGETED_DEVICE_FAMILY = "1,2";
			};
			name = Debug;
		};
		BEA1B9D328C9F800001963B1 /* Release */ = {
			isa = XCBuildConfiguration;
			buildSettings = {
				ASSETCATALOG_COMPILER_APPICON_NAME = AppIcon;
				ASSETCATALOG_COMPILER_GLOBAL_ACCENT_COLOR_NAME = AccentColor;
				CODE_SIGN_STYLE = Automatic;
				CURRENT_PROJECT_VERSION = 1;
				DEVELOPMENT_TEAM = 3YZWNV863X;
				GENERATE_INFOPLIST_FILE = YES;
				INFOPLIST_FILE = Networking/Info.plist;
				INFOPLIST_KEY_UIApplicationSupportsIndirectInputEvents = YES;
				INFOPLIST_KEY_UILaunchStoryboardName = LaunchScreen;
				INFOPLIST_KEY_UIMainStoryboardFile = Main;
				INFOPLIST_KEY_UISupportedInterfaceOrientations_iPad = "UIInterfaceOrientationPortrait UIInterfaceOrientationPortraitUpsideDown UIInterfaceOrientationLandscapeLeft UIInterfaceOrientationLandscapeRight";
				INFOPLIST_KEY_UISupportedInterfaceOrientations_iPhone = "UIInterfaceOrientationPortrait UIInterfaceOrientationLandscapeLeft UIInterfaceOrientationLandscapeRight";
				LD_RUNPATH_SEARCH_PATHS = (
					"$(inherited)",
					"@executable_path/Frameworks",
				);
				MARKETING_VERSION = 1.0;
				PRODUCT_BUNDLE_IDENTIFIER = pavelAfanasiev.Networking;
				PRODUCT_NAME = "$(TARGET_NAME)";
				SWIFT_EMIT_LOC_STRINGS = YES;
				SWIFT_VERSION = 5.0;
				TARGETED_DEVICE_FAMILY = "1,2";
			};
			name = Release;
		};
/* End XCBuildConfiguration section */

/* Begin XCConfigurationList section */
		BEA1B9B828C9F7FF001963B1 /* Build configuration list for PBXProject "Networking" */ = {
			isa = XCConfigurationList;
			buildConfigurations = (
				BEA1B9CF28C9F800001963B1 /* Debug */,
				BEA1B9D028C9F800001963B1 /* Release */,
			);
			defaultConfigurationIsVisible = 0;
			defaultConfigurationName = Release;
		};
		BEA1B9D128C9F800001963B1 /* Build configuration list for PBXNativeTarget "Networking" */ = {
			isa = XCConfigurationList;
			buildConfigurations = (
				BEA1B9D228C9F800001963B1 /* Debug */,
				BEA1B9D328C9F800001963B1 /* Release */,
			);
			defaultConfigurationIsVisible = 0;
			defaultConfigurationName = Release;
		};
/* End XCConfigurationList section */
	};
	rootObject = BEA1B9B528C9F7FF001963B1 /* Project object */;
}
